
Microsoft Visual Studio Solution File, Format Version 12.00
# Visual Studio Version 16
VisualStudioVersion = 16.0.29209.62
MinimumVisualStudioVersion = 10.0.40219.1
Project("{F2A71F9B-5D33-465A-A702-920D77279786}") = "SuaveAPI", "SuaveAPI\SuaveAPI.fsproj", "{0A39B762-92F5-495F-BA9F-5046B32862A7}"
EndProject
Global
	GlobalSection(SolutionConfigurationPlatforms) = preSolution
		Debug|Any CPU = Debug|Any CPU
		Release|Any CPU = Release|Any CPU
	EndGlobalSection
	GlobalSection(ProjectConfigurationPlatforms) = postSolution
		{0A39B762-92F5-495F-BA9F-5046B32862A7}.Debug|Any CPU.ActiveCfg = Debug|Any CPU
		{0A39B762-92F5-495F-BA9F-5046B32862A7}.Debug|Any CPU.Build.0 = Debug|Any CPU
		{0A39B762-92F5-495F-BA9F-5046B32862A7}.Release|Any CPU.ActiveCfg = Release|Any CPU
		{0A39B762-92F5-495F-BA9F-5046B32862A7}.Release|Any CPU.Build.0 = Release|Any CPU
	EndGlobalSection
	GlobalSection(SolutionProperties) = preSolution
		HideSolutionNode = FALSE
	EndGlobalSection
	GlobalSection(ExtensibilityGlobals) = postSolution
		SolutionGuid = {2D7FD01C-9D1A-4C76-8F5D-D793DF20D114}
	EndGlobalSection
EndGlobal
